
Microsoft Visual Studio Solution File, Format Version 12.00
# Visual Studio Version 16
VisualStudioVersion = 16.0.30516.212
MinimumVisualStudioVersion = 10.0.40219.1
Project("{F2A71F9B-5D33-465A-A702-920D77279786}") = "EstudosFSharp", "EstudosFSharp.fsproj", "{9BD6E6E6-1B97-423B-AB25-D33F4BA3817A}"
EndProject
Global
	GlobalSection(SolutionConfigurationPlatforms) = preSolution
		Debug|Any CPU = Debug|Any CPU
		Release|Any CPU = Release|Any CPU
	EndGlobalSection
	GlobalSection(ProjectConfigurationPlatforms) = postSolution
		{9BD6E6E6-1B97-423B-AB25-D33F4BA3817A}.Debug|Any CPU.ActiveCfg = Debug|Any CPU
		{9BD6E6E6-1B97-423B-AB25-D33F4BA3817A}.Debug|Any CPU.Build.0 = Debug|Any CPU
		{9BD6E6E6-1B97-423B-AB25-D33F4BA3817A}.Release|Any CPU.ActiveCfg = Release|Any CPU
		{9BD6E6E6-1B97-423B-AB25-D33F4BA3817A}.Release|Any CPU.Build.0 = Release|Any CPU
	EndGlobalSection
	GlobalSection(SolutionProperties) = preSolution
		HideSolutionNode = FALSE
	EndGlobalSection
	GlobalSection(ExtensibilityGlobals) = postSolution
		SolutionGuid = {74D52CDA-2F27-41C8-B7AF-CD5625880FDE}
	EndGlobalSection
EndGlobal
